// !$*UTF8*$!
{
	archiveVersion = 1;
	classes = {
	};
	objectVersion = 56;
	objects = {

/* Begin PBXBuildFile section */
		45F9CA50ED12ED32254B364B /* Pods_ChatExperience.framework in Frameworks */ = {isa = PBXBuildFile; fileRef = E47DE3EC4D62D119AE685D77 /* Pods_ChatExperience.framework */; };
		9D2EF7732B2F06EA00117920 /* ChatExperienceTests.swift in Sources */ = {isa = PBXBuildFile; fileRef = 9D2EF7722B2F06EA00117920 /* ChatExperienceTests.swift */; };
		9D2EF77A2B2F128700117920 /* NetworkLayer.framework in Frameworks */ = {isa = PBXBuildFile; fileRef = 9D2EF7792B2F128700117920 /* NetworkLayer.framework */; };
		9D2EF77B2B2F128700117920 /* NetworkLayer.framework in Embed Frameworks */ = {isa = PBXBuildFile; fileRef = 9D2EF7792B2F128700117920 /* NetworkLayer.framework */; settings = {ATTRIBUTES = (CodeSignOnCopy, RemoveHeadersOnCopy, ); }; };
		9DCE37892B31ADD200089654 /* ci_post_clone.sh in Resources */ = {isa = PBXBuildFile; fileRef = 9DCE37882B31ADD200089654 /* ci_post_clone.sh */; };
		9DEF8AA92B2EEB7200C42DE9 /* AppDelegate.swift in Sources */ = {isa = PBXBuildFile; fileRef = 9DEF8AA82B2EEB7200C42DE9 /* AppDelegate.swift */; };
		9DEF8AAB2B2EEB7200C42DE9 /* SceneDelegate.swift in Sources */ = {isa = PBXBuildFile; fileRef = 9DEF8AAA2B2EEB7200C42DE9 /* SceneDelegate.swift */; };
		9DEF8AAD2B2EEB7200C42DE9 /* ViewController.swift in Sources */ = {isa = PBXBuildFile; fileRef = 9DEF8AAC2B2EEB7200C42DE9 /* ViewController.swift */; };
		9DEF8AB02B2EEB7200C42DE9 /* Main.storyboard in Resources */ = {isa = PBXBuildFile; fileRef = 9DEF8AAE2B2EEB7200C42DE9 /* Main.storyboard */; };
		9DEF8AB22B2EEB7400C42DE9 /* Assets.xcassets in Resources */ = {isa = PBXBuildFile; fileRef = 9DEF8AB12B2EEB7400C42DE9 /* Assets.xcassets */; };
		9DEF8AB52B2EEB7400C42DE9 /* LaunchScreen.storyboard in Resources */ = {isa = PBXBuildFile; fileRef = 9DEF8AB32B2EEB7400C42DE9 /* LaunchScreen.storyboard */; };
		9DEF8ACC2B2EEDAC00C42DE9 /* GoogleService-Info.plist in Resources */ = {isa = PBXBuildFile; fileRef = 9DEF8ACB2B2EEDAC00C42DE9 /* GoogleService-Info.plist */; };
		9DEF8ACD2B2EEED500C42DE9 /* chatsModule.framework in Frameworks */ = {isa = PBXBuildFile; fileRef = 9DEF8AC12B2EED6800C42DE9 /* chatsModule.framework */; };
		9DEF8ACE2B2EEED500C42DE9 /* chatsModule.framework in Embed Frameworks */ = {isa = PBXBuildFile; fileRef = 9DEF8AC12B2EED6800C42DE9 /* chatsModule.framework */; settings = {ATTRIBUTES = (CodeSignOnCopy, RemoveHeadersOnCopy, ); }; };
		9DEF8AD02B2EEEDA00C42DE9 /* DNDCorePackage.framework in Frameworks */ = {isa = PBXBuildFile; fileRef = 9DEF8ABD2B2EED5F00C42DE9 /* DNDCorePackage.framework */; };
		9DEF8AD12B2EEEDA00C42DE9 /* DNDCorePackage.framework in Embed Frameworks */ = {isa = PBXBuildFile; fileRef = 9DEF8ABD2B2EED5F00C42DE9 /* DNDCorePackage.framework */; settings = {ATTRIBUTES = (CodeSignOnCopy, RemoveHeadersOnCopy, ); }; };
		9DEF8AD22B2EEEDB00C42DE9 /* DNDResources.framework in Frameworks */ = {isa = PBXBuildFile; fileRef = 9DEF8AC22B2EED6800C42DE9 /* DNDResources.framework */; };
		9DEF8AD32B2EEEDB00C42DE9 /* DNDResources.framework in Embed Frameworks */ = {isa = PBXBuildFile; fileRef = 9DEF8AC22B2EED6800C42DE9 /* DNDResources.framework */; settings = {ATTRIBUTES = (CodeSignOnCopy, RemoveHeadersOnCopy, ); }; };
		9DEF8AD42B2EEEDD00C42DE9 /* PhotoLibraryMedia.framework in Frameworks */ = {isa = PBXBuildFile; fileRef = 9DEF8AC32B2EED6800C42DE9 /* PhotoLibraryMedia.framework */; };
		9DEF8AD52B2EEEDD00C42DE9 /* PhotoLibraryMedia.framework in Embed Frameworks */ = {isa = PBXBuildFile; fileRef = 9DEF8AC32B2EED6800C42DE9 /* PhotoLibraryMedia.framework */; settings = {ATTRIBUTES = (CodeSignOnCopy, RemoveHeadersOnCopy, ); }; };
/* End PBXBuildFile section */

/* Begin PBXContainerItemProxy section */
		9D2EF7742B2F06EA00117920 /* PBXContainerItemProxy */ = {
			isa = PBXContainerItemProxy;
			containerPortal = 9DEF8A9D2B2EEB7200C42DE9 /* Project object */;
			proxyType = 1;
			remoteGlobalIDString = 9DEF8AA42B2EEB7200C42DE9;
			remoteInfo = ChatExperience;
		};
/* End PBXContainerItemProxy section */

/* Begin PBXCopyFilesBuildPhase section */
		9DEF8ACF2B2EEED500C42DE9 /* Embed Frameworks */ = {
			isa = PBXCopyFilesBuildPhase;
			buildActionMask = 2147483647;
			dstPath = "";
			dstSubfolderSpec = 10;
			files = (
				9DEF8ACE2B2EEED500C42DE9 /* chatsModule.framework in Embed Frameworks */,
				9DEF8AD12B2EEEDA00C42DE9 /* DNDCorePackage.framework in Embed Frameworks */,
				9D2EF77B2B2F128700117920 /* NetworkLayer.framework in Embed Frameworks */,
				9DEF8AD52B2EEEDD00C42DE9 /* PhotoLibraryMedia.framework in Embed Frameworks */,
				9DEF8AD32B2EEEDB00C42DE9 /* DNDResources.framework in Embed Frameworks */,
			);
			name = "Embed Frameworks";
			runOnlyForDeploymentPostprocessing = 0;
		};
/* End PBXCopyFilesBuildPhase section */

/* Begin PBXFileReference section */
		32E725571F87B6A430D80C94 /* Pods-ChatExperience.debug.xcconfig */ = {isa = PBXFileReference; includeInIndex = 1; lastKnownFileType = text.xcconfig; name = "Pods-ChatExperience.debug.xcconfig"; path = "Target Support Files/Pods-ChatExperience/Pods-ChatExperience.debug.xcconfig"; sourceTree = "<group>"; };
		9D2EF7702B2F06E900117920 /* ChatExperienceTests.xctest */ = {isa = PBXFileReference; explicitFileType = wrapper.cfbundle; includeInIndex = 0; path = ChatExperienceTests.xctest; sourceTree = BUILT_PRODUCTS_DIR; };
		9D2EF7722B2F06EA00117920 /* ChatExperienceTests.swift */ = {isa = PBXFileReference; lastKnownFileType = sourcecode.swift; path = ChatExperienceTests.swift; sourceTree = "<group>"; };
		9D2EF7792B2F128700117920 /* NetworkLayer.framework */ = {isa = PBXFileReference; explicitFileType = wrapper.framework; path = NetworkLayer.framework; sourceTree = BUILT_PRODUCTS_DIR; };
		9DCE37882B31ADD200089654 /* ci_post_clone.sh */ = {isa = PBXFileReference; fileEncoding = 4; lastKnownFileType = text.script.sh; path = ci_post_clone.sh; sourceTree = "<group>"; };
		9DEF8AA52B2EEB7200C42DE9 /* ChatExperience.app */ = {isa = PBXFileReference; explicitFileType = wrapper.application; includeInIndex = 0; path = ChatExperience.app; sourceTree = BUILT_PRODUCTS_DIR; };
		9DEF8AA82B2EEB7200C42DE9 /* AppDelegate.swift */ = {isa = PBXFileReference; lastKnownFileType = sourcecode.swift; path = AppDelegate.swift; sourceTree = "<group>"; };
		9DEF8AAA2B2EEB7200C42DE9 /* SceneDelegate.swift */ = {isa = PBXFileReference; lastKnownFileType = sourcecode.swift; path = SceneDelegate.swift; sourceTree = "<group>"; };
		9DEF8AAC2B2EEB7200C42DE9 /* ViewController.swift */ = {isa = PBXFileReference; lastKnownFileType = sourcecode.swift; path = ViewController.swift; sourceTree = "<group>"; };
		9DEF8AAF2B2EEB7200C42DE9 /* Base */ = {isa = PBXFileReference; lastKnownFileType = file.storyboard; name = Base; path = Base.lproj/Main.storyboard; sourceTree = "<group>"; };
		9DEF8AB12B2EEB7400C42DE9 /* Assets.xcassets */ = {isa = PBXFileReference; lastKnownFileType = folder.assetcatalog; path = Assets.xcassets; sourceTree = "<group>"; };
		9DEF8AB42B2EEB7400C42DE9 /* Base */ = {isa = PBXFileReference; lastKnownFileType = file.storyboard; name = Base; path = Base.lproj/LaunchScreen.storyboard; sourceTree = "<group>"; };
		9DEF8AB62B2EEB7400C42DE9 /* Info.plist */ = {isa = PBXFileReference; lastKnownFileType = text.plist.xml; path = Info.plist; sourceTree = "<group>"; };
		9DEF8ABC2B2EECAE00C42DE9 /* ChatExperience.entitlements */ = {isa = PBXFileReference; lastKnownFileType = text.plist.entitlements; path = ChatExperience.entitlements; sourceTree = "<group>"; };
		9DEF8ABD2B2EED5F00C42DE9 /* DNDCorePackage.framework */ = {isa = PBXFileReference; explicitFileType = wrapper.framework; path = DNDCorePackage.framework; sourceTree = BUILT_PRODUCTS_DIR; };
		9DEF8AC12B2EED6800C42DE9 /* chatsModule.framework */ = {isa = PBXFileReference; explicitFileType = wrapper.framework; path = chatsModule.framework; sourceTree = BUILT_PRODUCTS_DIR; };
		9DEF8AC22B2EED6800C42DE9 /* DNDResources.framework */ = {isa = PBXFileReference; explicitFileType = wrapper.framework; path = DNDResources.framework; sourceTree = BUILT_PRODUCTS_DIR; };
		9DEF8AC32B2EED6800C42DE9 /* PhotoLibraryMedia.framework */ = {isa = PBXFileReference; explicitFileType = wrapper.framework; path = PhotoLibraryMedia.framework; sourceTree = BUILT_PRODUCTS_DIR; };
		9DEF8ACB2B2EEDAC00C42DE9 /* GoogleService-Info.plist */ = {isa = PBXFileReference; fileEncoding = 4; lastKnownFileType = text.plist.xml; path = "GoogleService-Info.plist"; sourceTree = "<group>"; };
		E47DE3EC4D62D119AE685D77 /* Pods_ChatExperience.framework */ = {isa = PBXFileReference; explicitFileType = wrapper.framework; includeInIndex = 0; path = Pods_ChatExperience.framework; sourceTree = BUILT_PRODUCTS_DIR; };
		E68B45D0A876BB2FB67BE0FE /* Pods-ChatExperience.release.xcconfig */ = {isa = PBXFileReference; includeInIndex = 1; lastKnownFileType = text.xcconfig; name = "Pods-ChatExperience.release.xcconfig"; path = "Target Support Files/Pods-ChatExperience/Pods-ChatExperience.release.xcconfig"; sourceTree = "<group>"; };
/* End PBXFileReference section */

/* Begin PBXFrameworksBuildPhase section */
		9D2EF76D2B2F06E900117920 /* Frameworks */ = {
			isa = PBXFrameworksBuildPhase;
			buildActionMask = 2147483647;
			files = (
			);
			runOnlyForDeploymentPostprocessing = 0;
		};
		9DEF8AA22B2EEB7200C42DE9 /* Frameworks */ = {
			isa = PBXFrameworksBuildPhase;
			buildActionMask = 2147483647;
			files = (
				9DEF8AD22B2EEEDB00C42DE9 /* DNDResources.framework in Frameworks */,
				45F9CA50ED12ED32254B364B /* Pods_ChatExperience.framework in Frameworks */,
				9DEF8AD42B2EEEDD00C42DE9 /* PhotoLibraryMedia.framework in Frameworks */,
				9D2EF77A2B2F128700117920 /* NetworkLayer.framework in Frameworks */,
				9DEF8AD02B2EEEDA00C42DE9 /* DNDCorePackage.framework in Frameworks */,
				9DEF8ACD2B2EEED500C42DE9 /* chatsModule.framework in Frameworks */,
			);
			runOnlyForDeploymentPostprocessing = 0;
		};
/* End PBXFrameworksBuildPhase section */

/* Begin PBXGroup section */
		6810249E6101526985B06D0F /* Pods */ = {
			isa = PBXGroup;
			children = (
				32E725571F87B6A430D80C94 /* Pods-ChatExperience.debug.xcconfig */,
				E68B45D0A876BB2FB67BE0FE /* Pods-ChatExperience.release.xcconfig */,
			);
			path = Pods;
			sourceTree = "<group>";
		};
		9D2EF7712B2F06EA00117920 /* ChatExperienceTests */ = {
			isa = PBXGroup;
			children = (
				9D2EF7722B2F06EA00117920 /* ChatExperienceTests.swift */,
			);
			path = ChatExperienceTests;
			sourceTree = "<group>";
		};
		9DCE37872B31ADD200089654 /* ci_scripts */ = {
			isa = PBXGroup;
			children = (
				9DCE37882B31ADD200089654 /* ci_post_clone.sh */,
			);
			path = ci_scripts;
			sourceTree = "<group>";
		};
		9DEF8A9C2B2EEB7200C42DE9 = {
			isa = PBXGroup;
			children = (
				9DCE37872B31ADD200089654 /* ci_scripts */,
				9DEF8AA72B2EEB7200C42DE9 /* ChatExperience */,
				9D2EF7712B2F06EA00117920 /* ChatExperienceTests */,
				9DEF8AA62B2EEB7200C42DE9 /* Products */,
				6810249E6101526985B06D0F /* Pods */,
				9E0A0A788190336F8648E26E /* Frameworks */,
			);
			sourceTree = "<group>";
		};
		9DEF8AA62B2EEB7200C42DE9 /* Products */ = {
			isa = PBXGroup;
			children = (
				9DEF8AA52B2EEB7200C42DE9 /* ChatExperience.app */,
				9D2EF7702B2F06E900117920 /* ChatExperienceTests.xctest */,
			);
			name = Products;
			sourceTree = "<group>";
		};
		9DEF8AA72B2EEB7200C42DE9 /* ChatExperience */ = {
			isa = PBXGroup;
			children = (
				9DEF8ACB2B2EEDAC00C42DE9 /* GoogleService-Info.plist */,
				9DEF8ABC2B2EECAE00C42DE9 /* ChatExperience.entitlements */,
				9DEF8AA82B2EEB7200C42DE9 /* AppDelegate.swift */,
				9DEF8AAA2B2EEB7200C42DE9 /* SceneDelegate.swift */,
				9DEF8AAC2B2EEB7200C42DE9 /* ViewController.swift */,
				9DEF8AAE2B2EEB7200C42DE9 /* Main.storyboard */,
				9DEF8AB12B2EEB7400C42DE9 /* Assets.xcassets */,
				9DEF8AB32B2EEB7400C42DE9 /* LaunchScreen.storyboard */,
				9DEF8AB62B2EEB7400C42DE9 /* Info.plist */,
			);
			path = ChatExperience;
			sourceTree = "<group>";
		};
		9E0A0A788190336F8648E26E /* Frameworks */ = {
			isa = PBXGroup;
			children = (
				9D2EF7792B2F128700117920 /* NetworkLayer.framework */,
				9DEF8AC12B2EED6800C42DE9 /* chatsModule.framework */,
				9DEF8AC22B2EED6800C42DE9 /* DNDResources.framework */,
				9DEF8AC32B2EED6800C42DE9 /* PhotoLibraryMedia.framework */,
				9DEF8ABD2B2EED5F00C42DE9 /* DNDCorePackage.framework */,
				E47DE3EC4D62D119AE685D77 /* Pods_ChatExperience.framework */,
			);
			name = Frameworks;
			sourceTree = "<group>";
		};
/* End PBXGroup section */

/* Begin PBXNativeTarget section */
		9D2EF76F2B2F06E900117920 /* ChatExperienceTests */ = {
			isa = PBXNativeTarget;
			buildConfigurationList = 9D2EF7762B2F06EA00117920 /* Build configuration list for PBXNativeTarget "ChatExperienceTests" */;
			buildPhases = (
				9D2EF76C2B2F06E900117920 /* Sources */,
				9D2EF76D2B2F06E900117920 /* Frameworks */,
				9D2EF76E2B2F06E900117920 /* Resources */,
			);
			buildRules = (
			);
			dependencies = (
				9D2EF7752B2F06EA00117920 /* PBXTargetDependency */,
			);
			name = ChatExperienceTests;
			productName = ChatExperienceTests;
			productReference = 9D2EF7702B2F06E900117920 /* ChatExperienceTests.xctest */;
			productType = "com.apple.product-type.bundle.unit-test";
		};
		9DEF8AA42B2EEB7200C42DE9 /* ChatExperience */ = {
			isa = PBXNativeTarget;
			buildConfigurationList = 9DEF8AB92B2EEB7400C42DE9 /* Build configuration list for PBXNativeTarget "ChatExperience" */;
			buildPhases = (
				33D8F21BA932035929AF43B4 /* [CP] Check Pods Manifest.lock */,
				9DEF8AA12B2EEB7200C42DE9 /* Sources */,
				9DEF8AA22B2EEB7200C42DE9 /* Frameworks */,
				9DEF8AA32B2EEB7200C42DE9 /* Resources */,
				61353DDE0269FCCFA3BCF754 /* [CP] Embed Pods Frameworks */,
				9DEF8ACF2B2EEED500C42DE9 /* Embed Frameworks */,
			);
			buildRules = (
			);
			dependencies = (
			);
			name = ChatExperience;
			productName = ChatExperience;
			productReference = 9DEF8AA52B2EEB7200C42DE9 /* ChatExperience.app */;
			productType = "com.apple.product-type.application";
		};
/* End PBXNativeTarget section */

/* Begin PBXProject section */
		9DEF8A9D2B2EEB7200C42DE9 /* Project object */ = {
			isa = PBXProject;
			attributes = {
				BuildIndependentTargetsInParallel = 1;
				LastSwiftUpdateCheck = 1420;
				LastUpgradeCheck = 1420;
				TargetAttributes = {
					9D2EF76F2B2F06E900117920 = {
						CreatedOnToolsVersion = 14.2;
						TestTargetID = 9DEF8AA42B2EEB7200C42DE9;
					};
					9DEF8AA42B2EEB7200C42DE9 = {
						CreatedOnToolsVersion = 14.2;
					};
				};
			};
			buildConfigurationList = 9DEF8AA02B2EEB7200C42DE9 /* Build configuration list for PBXProject "ChatExperience" */;
			compatibilityVersion = "Xcode 14.0";
			developmentRegion = en;
			hasScannedForEncodings = 0;
			knownRegions = (
				en,
				Base,
			);
			mainGroup = 9DEF8A9C2B2EEB7200C42DE9;
			productRefGroup = 9DEF8AA62B2EEB7200C42DE9 /* Products */;
			projectDirPath = "";
			projectRoot = "";
			targets = (
				9DEF8AA42B2EEB7200C42DE9 /* ChatExperience */,
				9D2EF76F2B2F06E900117920 /* ChatExperienceTests */,
			);
		};
/* End PBXProject section */

/* Begin PBXResourcesBuildPhase section */
		9D2EF76E2B2F06E900117920 /* Resources */ = {
			isa = PBXResourcesBuildPhase;
			buildActionMask = 2147483647;
			files = (
			);
			runOnlyForDeploymentPostprocessing = 0;
		};
		9DEF8AA32B2EEB7200C42DE9 /* Resources */ = {
			isa = PBXResourcesBuildPhase;
			buildActionMask = 2147483647;
			files = (
				9DEF8AB52B2EEB7400C42DE9 /* LaunchScreen.storyboard in Resources */,
				9DEF8ACC2B2EEDAC00C42DE9 /* GoogleService-Info.plist in Resources */,
				9DEF8AB22B2EEB7400C42DE9 /* Assets.xcassets in Resources */,
				9DCE37892B31ADD200089654 /* ci_post_clone.sh in Resources */,
				9DEF8AB02B2EEB7200C42DE9 /* Main.storyboard in Resources */,
			);
			runOnlyForDeploymentPostprocessing = 0;
		};
/* End PBXResourcesBuildPhase section */

/* Begin PBXShellScriptBuildPhase section */
		33D8F21BA932035929AF43B4 /* [CP] Check Pods Manifest.lock */ = {
			isa = PBXShellScriptBuildPhase;
			buildActionMask = 2147483647;
			files = (
			);
			inputFileListPaths = (
			);
			inputPaths = (
				"${PODS_PODFILE_DIR_PATH}/Podfile.lock",
				"${PODS_ROOT}/Manifest.lock",
			);
			name = "[CP] Check Pods Manifest.lock";
			outputFileListPaths = (
			);
			outputPaths = (
				"$(DERIVED_FILE_DIR)/Pods-ChatExperience-checkManifestLockResult.txt",
			);
			runOnlyForDeploymentPostprocessing = 0;
			shellPath = /bin/sh;
			shellScript = "diff \"${PODS_PODFILE_DIR_PATH}/Podfile.lock\" \"${PODS_ROOT}/Manifest.lock\" > /dev/null\nif [ $? != 0 ] ; then\n    # print error to STDERR\n    echo \"error: The sandbox is not in sync with the Podfile.lock. Run 'pod install' or update your CocoaPods installation.\" >&2\n    exit 1\nfi\n# This output is used by Xcode 'outputs' to avoid re-running this script phase.\necho \"SUCCESS\" > \"${SCRIPT_OUTPUT_FILE_0}\"\n";
			showEnvVarsInLog = 0;
		};
		61353DDE0269FCCFA3BCF754 /* [CP] Embed Pods Frameworks */ = {
			isa = PBXShellScriptBuildPhase;
			buildActionMask = 2147483647;
			files = (
			);
			inputFileListPaths = (
				"${PODS_ROOT}/Target Support Files/Pods-ChatExperience/Pods-ChatExperience-frameworks-${CONFIGURATION}-input-files.xcfilelist",
			);
			name = "[CP] Embed Pods Frameworks";
			outputFileListPaths = (
				"${PODS_ROOT}/Target Support Files/Pods-ChatExperience/Pods-ChatExperience-frameworks-${CONFIGURATION}-output-files.xcfilelist",
			);
			runOnlyForDeploymentPostprocessing = 0;
			shellPath = /bin/sh;
			shellScript = "\"${PODS_ROOT}/Target Support Files/Pods-ChatExperience/Pods-ChatExperience-frameworks.sh\"\n";
			showEnvVarsInLog = 0;
		};
/* End PBXShellScriptBuildPhase section */

/* Begin PBXSourcesBuildPhase section */
		9D2EF76C2B2F06E900117920 /* Sources */ = {
			isa = PBXSourcesBuildPhase;
			buildActionMask = 2147483647;
			files = (
				9D2EF7732B2F06EA00117920 /* ChatExperienceTests.swift in Sources */,
			);
			runOnlyForDeploymentPostprocessing = 0;
		};
		9DEF8AA12B2EEB7200C42DE9 /* Sources */ = {
			isa = PBXSourcesBuildPhase;
			buildActionMask = 2147483647;
			files = (
				9DEF8AAD2B2EEB7200C42DE9 /* ViewController.swift in Sources */,
				9DEF8AA92B2EEB7200C42DE9 /* AppDelegate.swift in Sources */,
				9DEF8AAB2B2EEB7200C42DE9 /* SceneDelegate.swift in Sources */,
			);
			runOnlyForDeploymentPostprocessing = 0;
		};
/* End PBXSourcesBuildPhase section */

/* Begin PBXTargetDependency section */
		9D2EF7752B2F06EA00117920 /* PBXTargetDependency */ = {
			isa = PBXTargetDependency;
			target = 9DEF8AA42B2EEB7200C42DE9 /* ChatExperience */;
			targetProxy = 9D2EF7742B2F06EA00117920 /* PBXContainerItemProxy */;
		};
/* End PBXTargetDependency section */

/* Begin PBXVariantGroup section */
		9DEF8AAE2B2EEB7200C42DE9 /* Main.storyboard */ = {
			isa = PBXVariantGroup;
			children = (
				9DEF8AAF2B2EEB7200C42DE9 /* Base */,
			);
			name = Main.storyboard;
			sourceTree = "<group>";
		};
		9DEF8AB32B2EEB7400C42DE9 /* LaunchScreen.storyboard */ = {
			isa = PBXVariantGroup;
			children = (
				9DEF8AB42B2EEB7400C42DE9 /* Base */,
			);
			name = LaunchScreen.storyboard;
			sourceTree = "<group>";
		};
/* End PBXVariantGroup section */

/* Begin XCBuildConfiguration section */
		9D2EF7772B2F06EA00117920 /* Debug */ = {
			isa = XCBuildConfiguration;
			buildSettings = {
				BUNDLE_LOADER = "$(TEST_HOST)";
				CODE_SIGN_STYLE = Automatic;
				CURRENT_PROJECT_VERSION = 1;
				DEVELOPMENT_TEAM = 948X4P5J2H;
				GENERATE_INFOPLIST_FILE = YES;
				IPHONEOS_DEPLOYMENT_TARGET = 15.0;
				MARKETING_VERSION = 1.0;
				PRODUCT_BUNDLE_IDENTIFIER = com.DshNDezz.ChatExperienceTests;
				PRODUCT_NAME = "$(TARGET_NAME)";
				SWIFT_EMIT_LOC_STRINGS = NO;
				SWIFT_VERSION = 5.0;
				TARGETED_DEVICE_FAMILY = "1,2";
				TEST_HOST = "$(BUILT_PRODUCTS_DIR)/ChatExperience.app/$(BUNDLE_EXECUTABLE_FOLDER_PATH)/ChatExperience";
			};
			name = Debug;
		};
		9D2EF7782B2F06EA00117920 /* Release */ = {
			isa = XCBuildConfiguration;
			buildSettings = {
				BUNDLE_LOADER = "$(TEST_HOST)";
				CODE_SIGN_STYLE = Automatic;
				CURRENT_PROJECT_VERSION = 1;
				DEVELOPMENT_TEAM = 948X4P5J2H;
				GENERATE_INFOPLIST_FILE = YES;
				IPHONEOS_DEPLOYMENT_TARGET = 15.0;
				MARKETING_VERSION = 1.0;
				PRODUCT_BUNDLE_IDENTIFIER = com.DshNDezz.ChatExperienceTests;
				PRODUCT_NAME = "$(TARGET_NAME)";
				SWIFT_EMIT_LOC_STRINGS = NO;
				SWIFT_VERSION = 5.0;
				TARGETED_DEVICE_FAMILY = "1,2";
				TEST_HOST = "$(BUILT_PRODUCTS_DIR)/ChatExperience.app/$(BUNDLE_EXECUTABLE_FOLDER_PATH)/ChatExperience";
			};
			name = Release;
		};
		9DEF8AB72B2EEB7400C42DE9 /* Debug */ = {
			isa = XCBuildConfiguration;
			buildSettings = {
				ALWAYS_SEARCH_USER_PATHS = NO;
				CLANG_ANALYZER_NONNULL = YES;
				CLANG_ANALYZER_NUMBER_OBJECT_CONVERSION = YES_AGGRESSIVE;
				CLANG_CXX_LANGUAGE_STANDARD = "gnu++20";
				CLANG_ENABLE_MODULES = YES;
				CLANG_ENABLE_OBJC_ARC = YES;
				CLANG_ENABLE_OBJC_WEAK = YES;
				CLANG_WARN_BLOCK_CAPTURE_AUTORELEASING = YES;
				CLANG_WARN_BOOL_CONVERSION = YES;
				CLANG_WARN_COMMA = YES;
				CLANG_WARN_CONSTANT_CONVERSION = YES;
				CLANG_WARN_DEPRECATED_OBJC_IMPLEMENTATIONS = YES;
				CLANG_WARN_DIRECT_OBJC_ISA_USAGE = YES_ERROR;
				CLANG_WARN_DOCUMENTATION_COMMENTS = YES;
				CLANG_WARN_EMPTY_BODY = YES;
				CLANG_WARN_ENUM_CONVERSION = YES;
				CLANG_WARN_INFINITE_RECURSION = YES;
				CLANG_WARN_INT_CONVERSION = YES;
				CLANG_WARN_NON_LITERAL_NULL_CONVERSION = YES;
				CLANG_WARN_OBJC_IMPLICIT_RETAIN_SELF = YES;
				CLANG_WARN_OBJC_LITERAL_CONVERSION = YES;
				CLANG_WARN_OBJC_ROOT_CLASS = YES_ERROR;
				CLANG_WARN_QUOTED_INCLUDE_IN_FRAMEWORK_HEADER = YES;
				CLANG_WARN_RANGE_LOOP_ANALYSIS = YES;
				CLANG_WARN_STRICT_PROTOTYPES = YES;
				CLANG_WARN_SUSPICIOUS_MOVE = YES;
				CLANG_WARN_UNGUARDED_AVAILABILITY = YES_AGGRESSIVE;
				CLANG_WARN_UNREACHABLE_CODE = YES;
				CLANG_WARN__DUPLICATE_METHOD_MATCH = YES;
				COPY_PHASE_STRIP = NO;
				DEBUG_INFORMATION_FORMAT = dwarf;
				ENABLE_STRICT_OBJC_MSGSEND = YES;
				ENABLE_TESTABILITY = YES;
				GCC_C_LANGUAGE_STANDARD = gnu11;
				GCC_DYNAMIC_NO_PIC = NO;
				GCC_NO_COMMON_BLOCKS = YES;
				GCC_OPTIMIZATION_LEVEL = 0;
				GCC_PREPROCESSOR_DEFINITIONS = (
					"DEBUG=1",
					"$(inherited)",
				);
				GCC_WARN_64_TO_32_BIT_CONVERSION = YES;
				GCC_WARN_ABOUT_RETURN_TYPE = YES_ERROR;
				GCC_WARN_UNDECLARED_SELECTOR = YES;
				GCC_WARN_UNINITIALIZED_AUTOS = YES_AGGRESSIVE;
				GCC_WARN_UNUSED_FUNCTION = YES;
				GCC_WARN_UNUSED_VARIABLE = YES;
				IPHONEOS_DEPLOYMENT_TARGET = 15.0;
				MTL_ENABLE_DEBUG_INFO = INCLUDE_SOURCE;
				MTL_FAST_MATH = YES;
				ONLY_ACTIVE_ARCH = YES;
				SDKROOT = iphoneos;
				SWIFT_ACTIVE_COMPILATION_CONDITIONS = DEBUG;
				SWIFT_OPTIMIZATION_LEVEL = "-Onone";
			};
			name = Debug;
		};
		9DEF8AB82B2EEB7400C42DE9 /* Release */ = {
			isa = XCBuildConfiguration;
			buildSettings = {
				ALWAYS_SEARCH_USER_PATHS = NO;
				CLANG_ANALYZER_NONNULL = YES;
				CLANG_ANALYZER_NUMBER_OBJECT_CONVERSION = YES_AGGRESSIVE;
				CLANG_CXX_LANGUAGE_STANDARD = "gnu++20";
				CLANG_ENABLE_MODULES = YES;
				CLANG_ENABLE_OBJC_ARC = YES;
				CLANG_ENABLE_OBJC_WEAK = YES;
				CLANG_WARN_BLOCK_CAPTURE_AUTORELEASING = YES;
				CLANG_WARN_BOOL_CONVERSION = YES;
				CLANG_WARN_COMMA = YES;
				CLANG_WARN_CONSTANT_CONVERSION = YES;
				CLANG_WARN_DEPRECATED_OBJC_IMPLEMENTATIONS = YES;
				CLANG_WARN_DIRECT_OBJC_ISA_USAGE = YES_ERROR;
				CLANG_WARN_DOCUMENTATION_COMMENTS = YES;
				CLANG_WARN_EMPTY_BODY = YES;
				CLANG_WARN_ENUM_CONVERSION = YES;
				CLANG_WARN_INFINITE_RECURSION = YES;
				CLANG_WARN_INT_CONVERSION = YES;
				CLANG_WARN_NON_LITERAL_NULL_CONVERSION = YES;
				CLANG_WARN_OBJC_IMPLICIT_RETAIN_SELF = YES;
				CLANG_WARN_OBJC_LITERAL_CONVERSION = YES;
				CLANG_WARN_OBJC_ROOT_CLASS = YES_ERROR;
				CLANG_WARN_QUOTED_INCLUDE_IN_FRAMEWORK_HEADER = YES;
				CLANG_WARN_RANGE_LOOP_ANALYSIS = YES;
				CLANG_WARN_STRICT_PROTOTYPES = YES;
				CLANG_WARN_SUSPICIOUS_MOVE = YES;
				CLANG_WARN_UNGUARDED_AVAILABILITY = YES_AGGRESSIVE;
				CLANG_WARN_UNREACHABLE_CODE = YES;
				CLANG_WARN__DUPLICATE_METHOD_MATCH = YES;
				COPY_PHASE_STRIP = NO;
				DEBUG_INFORMATION_FORMAT = "dwarf-with-dsym";
				ENABLE_NS_ASSERTIONS = NO;
				ENABLE_STRICT_OBJC_MSGSEND = YES;
				GCC_C_LANGUAGE_STANDARD = gnu11;
				GCC_NO_COMMON_BLOCKS = YES;
				GCC_WARN_64_TO_32_BIT_CONVERSION = YES;
				GCC_WARN_ABOUT_RETURN_TYPE = YES_ERROR;
				GCC_WARN_UNDECLARED_SELECTOR = YES;
				GCC_WARN_UNINITIALIZED_AUTOS = YES_AGGRESSIVE;
				GCC_WARN_UNUSED_FUNCTION = YES;
				GCC_WARN_UNUSED_VARIABLE = YES;
				IPHONEOS_DEPLOYMENT_TARGET = 15.0;
				MTL_ENABLE_DEBUG_INFO = NO;
				MTL_FAST_MATH = YES;
				SDKROOT = iphoneos;
				SWIFT_COMPILATION_MODE = wholemodule;
				SWIFT_OPTIMIZATION_LEVEL = "-O";
				VALIDATE_PRODUCT = YES;
			};
			name = Release;
		};
		9DEF8ABA2B2EEB7400C42DE9 /* Debug */ = {
			isa = XCBuildConfiguration;
			baseConfigurationReference = 32E725571F87B6A430D80C94 /* Pods-ChatExperience.debug.xcconfig */;
			buildSettings = {
				ASSETCATALOG_COMPILER_APPICON_NAME = AppIcon;
				ASSETCATALOG_COMPILER_GLOBAL_ACCENT_COLOR_NAME = AccentColor;
				BUILD_LIBRARY_FOR_DISTRIBUTION = NO;
				CODE_SIGN_ENTITLEMENTS = ChatExperience/ChatExperience.entitlements;
				CODE_SIGN_STYLE = Automatic;
				CURRENT_PROJECT_VERSION = 1;
				DEVELOPMENT_TEAM = 948X4P5J2H;
				GENERATE_INFOPLIST_FILE = YES;
				INFOPLIST_FILE = ChatExperience/Info.plist;
				INFOPLIST_KEY_UIApplicationSupportsIndirectInputEvents = YES;
				INFOPLIST_KEY_UILaunchStoryboardName = LaunchScreen;
				INFOPLIST_KEY_UIMainStoryboardFile = Main;
				INFOPLIST_KEY_UISupportedInterfaceOrientations_iPad = "UIInterfaceOrientationPortrait UIInterfaceOrientationPortraitUpsideDown UIInterfaceOrientationLandscapeLeft UIInterfaceOrientationLandscapeRight";
				INFOPLIST_KEY_UISupportedInterfaceOrientations_iPhone = "UIInterfaceOrientationPortrait UIInterfaceOrientationLandscapeLeft UIInterfaceOrientationLandscapeRight";
				LD_RUNPATH_SEARCH_PATHS = (
					"$(inherited)",
					"@executable_path/Frameworks",
				);
				MARKETING_VERSION = 1.0;
				PRODUCT_BUNDLE_IDENTIFIER = com.deshNdez.kareem;
				PRODUCT_NAME = "$(TARGET_NAME)";
				SWIFT_EMIT_LOC_STRINGS = YES;
				SWIFT_VERSION = 5.0;
				TARGETED_DEVICE_FAMILY = "1,2";
			};
			name = Debug;
		};
		9DEF8ABB2B2EEB7400C42DE9 /* Release */ = {
			isa = XCBuildConfiguration;
			baseConfigurationReference = E68B45D0A876BB2FB67BE0FE /* Pods-ChatExperience.release.xcconfig */;
			buildSettings = {
				ASSETCATALOG_COMPILER_APPICON_NAME = AppIcon;
				ASSETCATALOG_COMPILER_GLOBAL_ACCENT_COLOR_NAME = AccentColor;
				BUILD_LIBRARY_FOR_DISTRIBUTION = NO;
				CODE_SIGN_ENTITLEMENTS = ChatExperience/ChatExperience.entitlements;
				CODE_SIGN_STYLE = Automatic;
				CURRENT_PROJECT_VERSION = 1;
				DEVELOPMENT_TEAM = 948X4P5J2H;
				GENERATE_INFOPLIST_FILE = YES;
				INFOPLIST_FILE = ChatExperience/Info.plist;
				INFOPLIST_KEY_UIApplicationSupportsIndirectInputEvents = YES;
				INFOPLIST_KEY_UILaunchStoryboardName = LaunchScreen;
				INFOPLIST_KEY_UIMainStoryboardFile = Main;
				INFOPLIST_KEY_UISupportedInterfaceOrientations_iPad = "UIInterfaceOrientationPortrait UIInterfaceOrientationPortraitUpsideDown UIInterfaceOrientationLandscapeLeft UIInterfaceOrientationLandscapeRight";
				INFOPLIST_KEY_UISupportedInterfaceOrientations_iPhone = "UIInterfaceOrientationPortrait UIInterfaceOrientationLandscapeLeft UIInterfaceOrientationLandscapeRight";
				LD_RUNPATH_SEARCH_PATHS = (
					"$(inherited)",
					"@executable_path/Frameworks",
				);
				MARKETING_VERSION = 1.0;
				PRODUCT_BUNDLE_IDENTIFIER = com.deshNdez.kareem;
				PRODUCT_NAME = "$(TARGET_NAME)";
				SWIFT_EMIT_LOC_STRINGS = YES;
				SWIFT_VERSION = 5.0;
				TARGETED_DEVICE_FAMILY = "1,2";
			};
			name = Release;
		};
/* End XCBuildConfiguration section */

/* Begin XCConfigurationList section */
		9D2EF7762B2F06EA00117920 /* Build configuration list for PBXNativeTarget "ChatExperienceTests" */ = {
			isa = XCConfigurationList;
			buildConfigurations = (
				9D2EF7772B2F06EA00117920 /* Debug */,
				9D2EF7782B2F06EA00117920 /* Release */,
			);
			defaultConfigurationIsVisible = 0;
			defaultConfigurationName = Release;
		};
		9DEF8AA02B2EEB7200C42DE9 /* Build configuration list for PBXProject "ChatExperience" */ = {
			isa = XCConfigurationList;
			buildConfigurations = (
				9DEF8AB72B2EEB7400C42DE9 /* Debug */,
				9DEF8AB82B2EEB7400C42DE9 /* Release */,
			);
			defaultConfigurationIsVisible = 0;
			defaultConfigurationName = Release;
		};
		9DEF8AB92B2EEB7400C42DE9 /* Build configuration list for PBXNativeTarget "ChatExperience" */ = {
			isa = XCConfigurationList;
			buildConfigurations = (
				9DEF8ABA2B2EEB7400C42DE9 /* Debug */,
				9DEF8ABB2B2EEB7400C42DE9 /* Release */,
			);
			defaultConfigurationIsVisible = 0;
			defaultConfigurationName = Release;
		};
/* End XCConfigurationList section */
	};
	rootObject = 9DEF8A9D2B2EEB7200C42DE9 /* Project object */;
}
